// !$*UTF8*$!
{
	archiveVersion = 1;
	classes = {
	};
	objectVersion = 48;
	objects = {

/* Begin PBXBuildFile section */
		54181D8B2370947F007BB641 /* AppDelegate.swift in Sources */ = {isa = PBXBuildFile; fileRef = 54181D8A2370947F007BB641 /* AppDelegate.swift */; };
		54181D902370947F007BB641 /* Main.storyboard in Resources */ = {isa = PBXBuildFile; fileRef = 54181D8E2370947F007BB641 /* Main.storyboard */; };
		54181D922370947F007BB641 /* Assets.xcassets in Resources */ = {isa = PBXBuildFile; fileRef = 54181D912370947F007BB641 /* Assets.xcassets */; };
		54181D952370947F007BB641 /* LaunchScreen.storyboard in Resources */ = {isa = PBXBuildFile; fileRef = 54181D932370947F007BB641 /* LaunchScreen.storyboard */; };
		54181D9D2370954C007BB641 /* ImageViewController.swift in Sources */ = {isa = PBXBuildFile; fileRef = 54181D9C2370954C007BB641 /* ImageViewController.swift */; };
		5499B3B92370963C004A1F9F /* DemoURLs.swift in Sources */ = {isa = PBXBuildFile; fileRef = 5499B3B82370963C004A1F9F /* DemoURLs.swift */; };
		54F3D3B62379326600B3573B /* CassiniViewController.swift in Sources */ = {isa = PBXBuildFile; fileRef = 54F3D3B52379326600B3573B /* CassiniViewController.swift */; };
		54FB20602375FB430086CCCF /* oval.jpg in Resources */ = {isa = PBXBuildFile; fileRef = 5499B3BA237097F9004A1F9F /* oval.jpg */; };
/* End PBXBuildFile section */

/* Begin PBXFileReference section */
		54181D872370947F007BB641 /* ScrollViewCassini.app */ = {isa = PBXFileReference; explicitFileType = wrapper.application; includeInIndex = 0; path = ScrollViewCassini.app; sourceTree = BUILT_PRODUCTS_DIR; };
		54181D8A2370947F007BB641 /* AppDelegate.swift */ = {isa = PBXFileReference; lastKnownFileType = sourcecode.swift; path = AppDelegate.swift; sourceTree = "<group>"; };
		54181D8F2370947F007BB641 /* Base */ = {isa = PBXFileReference; lastKnownFileType = file.storyboard; name = Base; path = Base.lproj/Main.storyboard; sourceTree = "<group>"; };
		54181D912370947F007BB641 /* Assets.xcassets */ = {isa = PBXFileReference; lastKnownFileType = folder.assetcatalog; path = Assets.xcassets; sourceTree = "<group>"; };
		54181D942370947F007BB641 /* Base */ = {isa = PBXFileReference; lastKnownFileType = file.storyboard; name = Base; path = Base.lproj/LaunchScreen.storyboard; sourceTree = "<group>"; };
		54181D962370947F007BB641 /* Info.plist */ = {isa = PBXFileReference; lastKnownFileType = text.plist.xml; path = Info.plist; sourceTree = "<group>"; };
		54181D9C2370954C007BB641 /* ImageViewController.swift */ = {isa = PBXFileReference; lastKnownFileType = sourcecode.swift; path = ImageViewController.swift; sourceTree = "<group>"; };
		5499B3B82370963C004A1F9F /* DemoURLs.swift */ = {isa = PBXFileReference; lastKnownFileType = sourcecode.swift; path = DemoURLs.swift; sourceTree = "<group>"; };
		5499B3BA237097F9004A1F9F /* oval.jpg */ = {isa = PBXFileReference; lastKnownFileType = image.jpeg; path = oval.jpg; sourceTree = "<group>"; };
		54F3D3B52379326600B3573B /* CassiniViewController.swift */ = {isa = PBXFileReference; lastKnownFileType = sourcecode.swift; path = CassiniViewController.swift; sourceTree = "<group>"; };
/* End PBXFileReference section */

/* Begin PBXFrameworksBuildPhase section */
		54181D842370947F007BB641 /* Frameworks */ = {
			isa = PBXFrameworksBuildPhase;
			buildActionMask = 2147483647;
			files = (
			);
			runOnlyForDeploymentPostprocessing = 0;
		};
/* End PBXFrameworksBuildPhase section */

/* Begin PBXGroup section */
		54181D7E2370947E007BB641 = {
			isa = PBXGroup;
			children = (
				54181D892370947F007BB641 /* ScrollViewCassini */,
				54181D882370947F007BB641 /* Products */,
			);
			sourceTree = "<group>";
		};
		54181D882370947F007BB641 /* Products */ = {
			isa = PBXGroup;
			children = (
				54181D872370947F007BB641 /* ScrollViewCassini.app */,
			);
			name = Products;
			sourceTree = "<group>";
		};
		54181D892370947F007BB641 /* ScrollViewCassini */ = {
			isa = PBXGroup;
			children = (
				54F3D3B52379326600B3573B /* CassiniViewController.swift */,
				54181D8A2370947F007BB641 /* AppDelegate.swift */,
				54181D8E2370947F007BB641 /* Main.storyboard */,
				5499B3B82370963C004A1F9F /* DemoURLs.swift */,
				54181D9C2370954C007BB641 /* ImageViewController.swift */,
				5499B3BA237097F9004A1F9F /* oval.jpg */,
				54181D912370947F007BB641 /* Assets.xcassets */,
				54181D932370947F007BB641 /* LaunchScreen.storyboard */,
				54181D962370947F007BB641 /* Info.plist */,
			);
			path = ScrollViewCassini;
			sourceTree = "<group>";
		};
/* End PBXGroup section */

/* Begin PBXNativeTarget section */
		54181D862370947F007BB641 /* ScrollViewCassini */ = {
			isa = PBXNativeTarget;
			buildConfigurationList = 54181D992370947F007BB641 /* Build configuration list for PBXNativeTarget "ScrollViewCassini" */;
			buildPhases = (
				54181D832370947F007BB641 /* Sources */,
				54181D842370947F007BB641 /* Frameworks */,
				54181D852370947F007BB641 /* Resources */,
			);
			buildRules = (
			);
			dependencies = (
			);
			name = ScrollViewCassini;
			productName = ScrollViewCassini;
			productReference = 54181D872370947F007BB641 /* ScrollViewCassini.app */;
			productType = "com.apple.product-type.application";
		};
/* End PBXNativeTarget section */

/* Begin PBXProject section */
		54181D7F2370947E007BB641 /* Project object */ = {
			isa = PBXProject;
			attributes = {
				LastSwiftUpdateCheck = 0900;
				LastUpgradeCheck = 0900;
				ORGANIZATIONNAME = "Credit Suisse";
				TargetAttributes = {
					54181D862370947F007BB641 = {
						CreatedOnToolsVersion = 9.0;
						ProvisioningStyle = Automatic;
					};
				};
			};
			buildConfigurationList = 54181D822370947F007BB641 /* Build configuration list for PBXProject "ScrollViewCassini" */;
			compatibilityVersion = "Xcode 8.0";
			developmentRegion = en;
			hasScannedForEncodings = 0;
			knownRegions = (
				en,
				Base,
			);
			mainGroup = 54181D7E2370947E007BB641;
			productRefGroup = 54181D882370947F007BB641 /* Products */;
			projectDirPath = "";
			projectRoot = "";
			targets = (
				54181D862370947F007BB641 /* ScrollViewCassini */,
			);
		};
/* End PBXProject section */

/* Begin PBXResourcesBuildPhase section */
		54181D852370947F007BB641 /* Resources */ = {
			isa = PBXResourcesBuildPhase;
			buildActionMask = 2147483647;
			files = (
				54181D952370947F007BB641 /* LaunchScreen.storyboard in Resources */,
				54FB20602375FB430086CCCF /* oval.jpg in Resources */,
				54181D922370947F007BB641 /* Assets.xcassets in Resources */,
				54181D902370947F007BB641 /* Main.storyboard in Resources */,
			);
			runOnlyForDeploymentPostprocessing = 0;
		};
/* End PBXResourcesBuildPhase section */

/* Begin PBXSourcesBuildPhase section */
		54181D832370947F007BB641 /* Sources */ = {
			isa = PBXSourcesBuildPhase;
			buildActionMask = 2147483647;
			files = (
				54181D9D2370954C007BB641 /* ImageViewController.swift in Sources */,
				54181D8B2370947F007BB641 /* AppDelegate.swift in Sources */,
				5499B3B92370963C004A1F9F /* DemoURLs.swift in Sources */,
				54F3D3B62379326600B3573B /* CassiniViewController.swift in Sources */,
			);
			runOnlyForDeploymentPostprocessing = 0;
		};
/* End PBXSourcesBuildPhase section */

/* Begin PBXVariantGroup section */
		54181D8E2370947F007BB641 /* Main.storyboard */ = {
			isa = PBXVariantGroup;
			children = (
				54181D8F2370947F007BB641 /* Base */,
			);
			name = Main.storyboard;
			sourceTree = "<group>";
		};
		54181D932370947F007BB641 /* LaunchScreen.storyboard */ = {
			isa = PBXVariantGroup;
			children = (
				54181D942370947F007BB641 /* Base */,
			);
			name = LaunchScreen.storyboard;
			sourceTree = "<group>";
		};
/* End PBXVariantGroup section */

/* Begin XCBuildConfiguration section */
		54181D972370947F007BB641 /* Debug */ = {
			isa = XCBuildConfiguration;
			buildSettings = {
				ALWAYS_SEARCH_USER_PATHS = NO;
				CLANG_ANALYZER_NONNULL = YES;
				CLANG_ANALYZER_NUMBER_OBJECT_CONVERSION = YES_AGGRESSIVE;
				CLANG_CXX_LANGUAGE_STANDARD = "gnu++14";
				CLANG_CXX_LIBRARY = "libc++";
				CLANG_ENABLE_MODULES = YES;
				CLANG_ENABLE_OBJC_ARC = YES;
				CLANG_WARN_BLOCK_CAPTURE_AUTORELEASING = YES;
				CLANG_WARN_BOOL_CONVERSION = YES;
				CLANG_WARN_COMMA = YES;
				CLANG_WARN_CONSTANT_CONVERSION = YES;
				CLANG_WARN_DIRECT_OBJC_ISA_USAGE = YES_ERROR;
				CLANG_WARN_DOCUMENTATION_COMMENTS = YES;
				CLANG_WARN_EMPTY_BODY = YES;
				CLANG_WARN_ENUM_CONVERSION = YES;
				CLANG_WARN_INFINITE_RECURSION = YES;
				CLANG_WARN_INT_CONVERSION = YES;
				CLANG_WARN_NON_LITERAL_NULL_CONVERSION = YES;
				CLANG_WARN_OBJC_LITERAL_CONVERSION = YES;
				CLANG_WARN_OBJC_ROOT_CLASS = YES_ERROR;
				CLANG_WARN_RANGE_LOOP_ANALYSIS = YES;
				CLANG_WARN_STRICT_PROTOTYPES = YES;
				CLANG_WARN_SUSPICIOUS_MOVE = YES;
				CLANG_WARN_UNGUARDED_AVAILABILITY = YES_AGGRESSIVE;
				CLANG_WARN_UNREACHABLE_CODE = YES;
				CLANG_WARN__DUPLICATE_METHOD_MATCH = YES;
				CODE_SIGN_IDENTITY = "iPhone Developer";
				COPY_PHASE_STRIP = NO;
				DEBUG_INFORMATION_FORMAT = dwarf;
				ENABLE_STRICT_OBJC_MSGSEND = YES;
				ENABLE_TESTABILITY = YES;
				GCC_C_LANGUAGE_STANDARD = gnu11;
				GCC_DYNAMIC_NO_PIC = NO;
				GCC_NO_COMMON_BLOCKS = YES;
				GCC_OPTIMIZATION_LEVEL = 0;
				GCC_PREPROCESSOR_DEFINITIONS = (
					"DEBUG=1",
					"$(inherited)",
				);
				GCC_WARN_64_TO_32_BIT_CONVERSION = YES;
				GCC_WARN_ABOUT_RETURN_TYPE = YES_ERROR;
				GCC_WARN_UNDECLARED_SELECTOR = YES;
				GCC_WARN_UNINITIALIZED_AUTOS = YES_AGGRESSIVE;
				GCC_WARN_UNUSED_FUNCTION = YES;
				GCC_WARN_UNUSED_VARIABLE = YES;
				IPHONEOS_DEPLOYMENT_TARGET = 11.0;
				MTL_ENABLE_DEBUG_INFO = YES;
				ONLY_ACTIVE_ARCH = YES;
				SDKROOT = iphoneos;
				SWIFT_ACTIVE_COMPILATION_CONDITIONS = DEBUG;
				SWIFT_OPTIMIZATION_LEVEL = "-Onone";
			};
			name = Debug;
		};
		54181D982370947F007BB641 /* Release */ = {
			isa = XCBuildConfiguration;
			buildSettings = {
				ALWAYS_SEARCH_USER_PATHS = NO;
				CLANG_ANALYZER_NONNULL = YES;
				CLANG_ANALYZER_NUMBER_OBJECT_CONVERSION = YES_AGGRESSIVE;
				CLANG_CXX_LANGUAGE_STANDARD = "gnu++14";
				CLANG_CXX_LIBRARY = "libc++";
				CLANG_ENABLE_MODULES = YES;
				CLANG_ENABLE_OBJC_ARC = YES;
				CLANG_WARN_BLOCK_CAPTURE_AUTORELEASING = YES;
				CLANG_WARN_BOOL_CONVERSION = YES;
				CLANG_WARN_COMMA = YES;
				CLANG_WARN_CONSTANT_CONVERSION = YES;
				CLANG_WARN_DIRECT_OBJC_ISA_USAGE = YES_ERROR;
				CLANG_WARN_DOCUMENTATION_COMMENTS = YES;
				CLANG_WARN_EMPTY_BODY = YES;
				CLANG_WARN_ENUM_CONVERSION = YES;
				CLANG_WARN_INFINITE_RECURSION = YES;
				CLANG_WARN_INT_CONVERSION = YES;
				CLANG_WARN_NON_LITERAL_NULL_CONVERSION = YES;
				CLANG_WARN_OBJC_LITERAL_CONVERSION = YES;
				CLANG_WARN_OBJC_ROOT_CLASS = YES_ERROR;
				CLANG_WARN_RANGE_LOOP_ANALYSIS = YES;
				CLANG_WARN_STRICT_PROTOTYPES = YES;
				CLANG_WARN_SUSPICIOUS_MOVE = YES;
				CLANG_WARN_UNGUARDED_AVAILABILITY = YES_AGGRESSIVE;
				CLANG_WARN_UNREACHABLE_CODE = YES;
				CLANG_WARN__DUPLICATE_METHOD_MATCH = YES;
				CODE_SIGN_IDENTITY = "iPhone Developer";
				COPY_PHASE_STRIP = NO;
				DEBUG_INFORMATION_FORMAT = "dwarf-with-dsym";
				ENABLE_NS_ASSERTIONS = NO;
				ENABLE_STRICT_OBJC_MSGSEND = YES;
				GCC_C_LANGUAGE_STANDARD = gnu11;
				GCC_NO_COMMON_BLOCKS = YES;
				GCC_WARN_64_TO_32_BIT_CONVERSION = YES;
				GCC_WARN_ABOUT_RETURN_TYPE = YES_ERROR;
				GCC_WARN_UNDECLARED_SELECTOR = YES;
				GCC_WARN_UNINITIALIZED_AUTOS = YES_AGGRESSIVE;
				GCC_WARN_UNUSED_FUNCTION = YES;
				GCC_WARN_UNUSED_VARIABLE = YES;
				IPHONEOS_DEPLOYMENT_TARGET = 11.0;
				MTL_ENABLE_DEBUG_INFO = NO;
				SDKROOT = iphoneos;
				SWIFT_OPTIMIZATION_LEVEL = "-Owholemodule";
				VALIDATE_PRODUCT = YES;
			};
			name = Release;
		};
		54181D9A2370947F007BB641 /* Debug */ = {
			isa = XCBuildConfiguration;
			buildSettings = {
				ASSETCATALOG_COMPILER_APPICON_NAME = AppIcon;
				CODE_SIGN_STYLE = Automatic;
				DEVELOPMENT_TEAM = NA87GCHN23;
				INFOPLIST_FILE = ScrollViewCassini/Info.plist;
				LD_RUNPATH_SEARCH_PATHS = "$(inherited) @executable_path/Frameworks";
				PRODUCT_BUNDLE_IDENTIFIER = edu.prac.ScrollViewCassini;
				PRODUCT_NAME = "$(TARGET_NAME)";
				SWIFT_VERSION = 4.0;
				TARGETED_DEVICE_FAMILY = "1,2";
			};
			name = Debug;
		};
		54181D9B2370947F007BB641 /* Release */ = {
			isa = XCBuildConfiguration;
			buildSettings = {
				ASSETCATALOG_COMPILER_APPICON_NAME = AppIcon;
				CODE_SIGN_STYLE = Automatic;
				DEVELOPMENT_TEAM = NA87GCHN23;
				INFOPLIST_FILE = ScrollViewCassini/Info.plist;
				LD_RUNPATH_SEARCH_PATHS = "$(inherited) @executable_path/Frameworks";
				PRODUCT_BUNDLE_IDENTIFIER = edu.prac.ScrollViewCassini;
				PRODUCT_NAME = "$(TARGET_NAME)";
				SWIFT_VERSION = 4.0;
				TARGETED_DEVICE_FAMILY = "1,2";
			};
			name = Release;
		};
/* End XCBuildConfiguration section */

/* Begin XCConfigurationList section */
		54181D822370947F007BB641 /* Build configuration list for PBXProject "ScrollViewCassini" */ = {
			isa = XCConfigurationList;
			buildConfigurations = (
				54181D972370947F007BB641 /* Debug */,
				54181D982370947F007BB641 /* Release */,
			);
			defaultConfigurationIsVisible = 0;
			defaultConfigurationName = Release;
		};
		54181D992370947F007BB641 /* Build configuration list for PBXNativeTarget "ScrollViewCassini" */ = {
			isa = XCConfigurationList;
			buildConfigurations = (
				54181D9A2370947F007BB641 /* Debug */,
				54181D9B2370947F007BB641 /* Release */,
			);
			defaultConfigurationIsVisible = 0;
			defaultConfigurationName = Release;
		};
/* End XCConfigurationList section */
	};
	rootObject = 54181D7F2370947E007BB641 /* Project object */;
}
